
Microsoft Visual Studio Solution File, Format Version 12.00
# Visual Studio Version 16
VisualStudioVersion = 25.0.1700.6
MinimumVisualStudioVersion = 10.0.40219.1
Project("{FAE04EC0-301F-11D3-BF4B-00C04F79EFBC}") = "rcendactgen.Main", "rcendactgen.Main\rcendactgen.Main.csproj", "{EF9CCD5D-3D7E-41E1-BAF4-B6A9C402D071}"
EndProject
Project("{FAE04EC0-301F-11D3-BF4B-00C04F79EFBC}") = "rcendactgen.Common", "rcendactgen.Common\rcendactgen.Common.csproj", "{21592F2B-2F0C-4B3F-AB08-E272D166F7B1}"
EndProject
Project("{FAE04EC0-301F-11D3-BF4B-00C04F79EFBC}") = "rcendactgen.Models", "rcendactgen.Models\rcendactgen.Models.csproj", "{058A30A8-0312-4685-8A09-BF69CD408231}"
EndProject
Project("{FAE04EC0-301F-11D3-BF4B-00C04F79EFBC}") = "rcendactgen.Business", "rcendactgen.Business\rcendactgen.Business.csproj", "{68BD50EC-EB49-4CA5-9294-312D21248B19}"
EndProject
Global
	GlobalSection(SolutionConfigurationPlatforms) = preSolution
		Debug|Any CPU = Debug|Any CPU
		Release|Any CPU = Release|Any CPU
	EndGlobalSection
	GlobalSection(ProjectConfigurationPlatforms) = postSolution
		{EF9CCD5D-3D7E-41E1-BAF4-B6A9C402D071}.Debug|Any CPU.ActiveCfg = Debug|Any CPU
		{EF9CCD5D-3D7E-41E1-BAF4-B6A9C402D071}.Debug|Any CPU.Build.0 = Debug|Any CPU
		{EF9CCD5D-3D7E-41E1-BAF4-B6A9C402D071}.Release|Any CPU.ActiveCfg = Release|Any CPU
		{EF9CCD5D-3D7E-41E1-BAF4-B6A9C402D071}.Release|Any CPU.Build.0 = Release|Any CPU
		{21592F2B-2F0C-4B3F-AB08-E272D166F7B1}.Debug|Any CPU.ActiveCfg = Debug|Any CPU
		{21592F2B-2F0C-4B3F-AB08-E272D166F7B1}.Debug|Any CPU.Build.0 = Debug|Any CPU
		{21592F2B-2F0C-4B3F-AB08-E272D166F7B1}.Release|Any CPU.ActiveCfg = Release|Any CPU
		{21592F2B-2F0C-4B3F-AB08-E272D166F7B1}.Release|Any CPU.Build.0 = Release|Any CPU
		{058A30A8-0312-4685-8A09-BF69CD408231}.Debug|Any CPU.ActiveCfg = Debug|Any CPU
		{058A30A8-0312-4685-8A09-BF69CD408231}.Debug|Any CPU.Build.0 = Debug|Any CPU
		{058A30A8-0312-4685-8A09-BF69CD408231}.Release|Any CPU.ActiveCfg = Release|Any CPU
		{058A30A8-0312-4685-8A09-BF69CD408231}.Release|Any CPU.Build.0 = Release|Any CPU
		{68BD50EC-EB49-4CA5-9294-312D21248B19}.Debug|Any CPU.ActiveCfg = Debug|Any CPU
		{68BD50EC-EB49-4CA5-9294-312D21248B19}.Debug|Any CPU.Build.0 = Debug|Any CPU
		{68BD50EC-EB49-4CA5-9294-312D21248B19}.Release|Any CPU.ActiveCfg = Release|Any CPU
		{68BD50EC-EB49-4CA5-9294-312D21248B19}.Release|Any CPU.Build.0 = Release|Any CPU
	EndGlobalSection
	GlobalSection(SolutionProperties) = preSolution
		HideSolutionNode = FALSE
	EndGlobalSection
	GlobalSection(ExtensibilityGlobals) = postSolution
		SolutionGuid = {810FF2E6-910E-474B-88D2-74CC53E62C1B}
	EndGlobalSection
EndGlobal
